// !$*UTF8*$!
{
	archiveVersion = 1;
	classes = {
	};
	objectVersion = 56;
	objects = {

/* Begin PBXBuildFile section */
		9D376F482BB35A29005F6310 /* TabButton.swift in Sources */ = {isa = PBXBuildFile; fileRef = 9D376F472BB35A29005F6310 /* TabButton.swift */; };
		9D376F4A2BB35D49005F6310 /* SearchTextField.swift in Sources */ = {isa = PBXBuildFile; fileRef = 9D376F492BB35D49005F6310 /* SearchTextField.swift */; };
		9D376F4C2BB35F8C005F6310 /* SectionTitleAll.swift in Sources */ = {isa = PBXBuildFile; fileRef = 9D376F4B2BB35F8C005F6310 /* SectionTitleAll.swift */; };
		9D376F4E2BB36314005F6310 /* ProductCell.swift in Sources */ = {isa = PBXBuildFile; fileRef = 9D376F4D2BB36314005F6310 /* ProductCell.swift */; };
		9D376F502BB36381005F6310 /* CategoryCell.swift in Sources */ = {isa = PBXBuildFile; fileRef = 9D376F4F2BB36381005F6310 /* CategoryCell.swift */; };
		9D376F532BB36E09005F6310 /* CountryPicker in Frameworks */ = {isa = PBXBuildFile; productRef = 9D376F522BB36E09005F6310 /* CountryPicker */; };
		9D376F562BB372FA005F6310 /* SDWebImageSwiftUI in Frameworks */ = {isa = PBXBuildFile; productRef = 9D376F552BB372FA005F6310 /* SDWebImageSwiftUI */; };
		9D376F582BB37378005F6310 /* FavouriteRow.swift in Sources */ = {isa = PBXBuildFile; fileRef = 9D376F572BB37378005F6310 /* FavouriteRow.swift */; };
		9D376F5A2BB373D3005F6310 /* ExploreCategoryCell.swift in Sources */ = {isa = PBXBuildFile; fileRef = 9D376F592BB373D3005F6310 /* ExploreCategoryCell.swift */; };
		9D376F5C2BB37418005F6310 /* CartItemRow.swift in Sources */ = {isa = PBXBuildFile; fileRef = 9D376F5B2BB37418005F6310 /* CartItemRow.swift */; };
		9D376F5E2BB3744B005F6310 /* AccountRow.swift in Sources */ = {isa = PBXBuildFile; fileRef = 9D376F5D2BB3744B005F6310 /* AccountRow.swift */; };
		9D376F602BB37490005F6310 /* OrderItemRow.swift in Sources */ = {isa = PBXBuildFile; fileRef = 9D376F5F2BB37490005F6310 /* OrderItemRow.swift */; };
		9D376F642BB37A6C005F6310 /* HomeViewModel.swift in Sources */ = {isa = PBXBuildFile; fileRef = 9D376F632BB37A6C005F6310 /* HomeViewModel.swift */; };
		9D376F662BB37AAD005F6310 /* ProductModel.swift in Sources */ = {isa = PBXBuildFile; fileRef = 9D376F652BB37AAD005F6310 /* ProductModel.swift */; };
		9D376F682BB37AE9005F6310 /* TypeModel.swift in Sources */ = {isa = PBXBuildFile; fileRef = 9D376F672BB37AE9005F6310 /* TypeModel.swift */; };
		9D376F6C2BB37B8C005F6310 /* ProductDetailViewModel.swift in Sources */ = {isa = PBXBuildFile; fileRef = 9D376F6B2BB37B8C005F6310 /* ProductDetailViewModel.swift */; };
		9D376F6E2BB37BB6005F6310 /* FavouriteViewModel.swift in Sources */ = {isa = PBXBuildFile; fileRef = 9D376F6D2BB37BB6005F6310 /* FavouriteViewModel.swift */; };
		9D376F702BB37BD2005F6310 /* ExploreViewModel.swift in Sources */ = {isa = PBXBuildFile; fileRef = 9D376F6F2BB37BD2005F6310 /* ExploreViewModel.swift */; };
		9D376F722BB37E10005F6310 /* ExploreItemViewModel.swift in Sources */ = {isa = PBXBuildFile; fileRef = 9D376F712BB37E10005F6310 /* ExploreItemViewModel.swift */; };
		9D376F742BB37E39005F6310 /* CartViewModel.swift in Sources */ = {isa = PBXBuildFile; fileRef = 9D376F732BB37E39005F6310 /* CartViewModel.swift */; };
		9D376F762BB37E63005F6310 /* DeliveryAddressViewModel.swift in Sources */ = {isa = PBXBuildFile; fileRef = 9D376F752BB37E63005F6310 /* DeliveryAddressViewModel.swift */; };
		9D376F782BB37E96005F6310 /* PromoCodeViewModel.swift in Sources */ = {isa = PBXBuildFile; fileRef = 9D376F772BB37E96005F6310 /* PromoCodeViewModel.swift */; };
		9D376F7A2BB37EBC005F6310 /* PaymentViewModel.swift in Sources */ = {isa = PBXBuildFile; fileRef = 9D376F792BB37EBC005F6310 /* PaymentViewModel.swift */; };
		9D376F7C2BB37EFF005F6310 /* MyOrdersViewModel.swift in Sources */ = {isa = PBXBuildFile; fileRef = 9D376F7B2BB37EFF005F6310 /* MyOrdersViewModel.swift */; };
		9D376F7E2BB37F25005F6310 /* MyOrderDetailViewModel.swift in Sources */ = {isa = PBXBuildFile; fileRef = 9D376F7D2BB37F25005F6310 /* MyOrderDetailViewModel.swift */; };
		9D376F802BB37F72005F6310 /* NotificationViewModel.swift in Sources */ = {isa = PBXBuildFile; fileRef = 9D376F7F2BB37F72005F6310 /* NotificationViewModel.swift */; };
		9D376F822BB37F97005F6310 /* MyDetailsViewModel.swift in Sources */ = {isa = PBXBuildFile; fileRef = 9D376F812BB37F97005F6310 /* MyDetailsViewModel.swift */; };
		9D376F842BB37FBF005F6310 /* ForgotPasswordViewModel.swift in Sources */ = {isa = PBXBuildFile; fileRef = 9D376F832BB37FBE005F6310 /* ForgotPasswordViewModel.swift */; };
		9D376F862BB3803B005F6310 /* QuantityModel.swift in Sources */ = {isa = PBXBuildFile; fileRef = 9D376F852BB3803B005F6310 /* QuantityModel.swift */; };
		9D376F882BB38093005F6310 /* ImageModel.swift in Sources */ = {isa = PBXBuildFile; fileRef = 9D376F872BB38093005F6310 /* ImageModel.swift */; };
		9D376F8A2BB380F5005F6310 /* ExploreCategoryModel.swift in Sources */ = {isa = PBXBuildFile; fileRef = 9D376F892BB380F5005F6310 /* ExploreCategoryModel.swift */; };
		9D376F8C2BB38159005F6310 /* CartItemModel.swift in Sources */ = {isa = PBXBuildFile; fileRef = 9D376F8B2BB38159005F6310 /* CartItemModel.swift */; };
		9D376F8E2BB3819C005F6310 /* AddressModel.swift in Sources */ = {isa = PBXBuildFile; fileRef = 9D376F8D2BB3819C005F6310 /* AddressModel.swift */; };
		9D376F902BB381C2005F6310 /* PromoCodeModel.swift in Sources */ = {isa = PBXBuildFile; fileRef = 9D376F8F2BB381C2005F6310 /* PromoCodeModel.swift */; };
		9D376F922BB381E9005F6310 /* PaymentModel.swift in Sources */ = {isa = PBXBuildFile; fileRef = 9D376F912BB381E9005F6310 /* PaymentModel.swift */; };
		9D376F942BB382CB005F6310 /* MyOrderModel.swift in Sources */ = {isa = PBXBuildFile; fileRef = 9D376F932BB382CB005F6310 /* MyOrderModel.swift */; };
		9D376F962BB38D8B005F6310 /* OrderItemModel.swift in Sources */ = {isa = PBXBuildFile; fileRef = 9D376F952BB38D8A005F6310 /* OrderItemModel.swift */; };
		9D376F9A2BB38DCB005F6310 /* NotificationModel.swift in Sources */ = {isa = PBXBuildFile; fileRef = 9D376F992BB38DCB005F6310 /* NotificationModel.swift */; };
		9D376FA22BB38F0F005F6310 /* AccountView.swift in Sources */ = {isa = PBXBuildFile; fileRef = 9D376FA12BB38F0F005F6310 /* AccountView.swift */; };
		9D376FA42BB39010005F6310 /* DelieryAddressView.swift in Sources */ = {isa = PBXBuildFile; fileRef = 9D376FA32BB3900F005F6310 /* DelieryAddressView.swift */; };
		9D376FA62BB392BE005F6310 /* AddDeliveryAddressView.swift in Sources */ = {isa = PBXBuildFile; fileRef = 9D376FA52BB392BE005F6310 /* AddDeliveryAddressView.swift */; };
		9D376FA82BB392EA005F6310 /* PromoCodeView.swift in Sources */ = {isa = PBXBuildFile; fileRef = 9D376FA72BB392EA005F6310 /* PromoCodeView.swift */; };
		9D376FAA2BB3931A005F6310 /* PaymentMethodsView.swift in Sources */ = {isa = PBXBuildFile; fileRef = 9D376FA92BB3931A005F6310 /* PaymentMethodsView.swift */; };
		9D376FAC2BB3933B005F6310 /* AddPaymentMethodView.swift in Sources */ = {isa = PBXBuildFile; fileRef = 9D376FAB2BB3933B005F6310 /* AddPaymentMethodView.swift */; };
		9D376FAE2BB3935D005F6310 /* MyOrdersView.swift in Sources */ = {isa = PBXBuildFile; fileRef = 9D376FAD2BB3935D005F6310 /* MyOrdersView.swift */; };
		9D376FB02BB3938E005F6310 /* MyOrdersDetailView.swift in Sources */ = {isa = PBXBuildFile; fileRef = 9D376FAF2BB3938E005F6310 /* MyOrdersDetailView.swift */; };
		9D376FB22BB393BE005F6310 /* NotificationView.swift in Sources */ = {isa = PBXBuildFile; fileRef = 9D376FB12BB393BE005F6310 /* NotificationView.swift */; };
		9D376FB42BB393EE005F6310 /* MyDetailsView.swift in Sources */ = {isa = PBXBuildFile; fileRef = 9D376FB32BB393EE005F6310 /* MyDetailsView.swift */; };
		9D376FB62BB394EC005F6310 /* ChangePasswordView.swift in Sources */ = {isa = PBXBuildFile; fileRef = 9D376FB52BB394EC005F6310 /* ChangePasswordView.swift */; };
		9D376FB82BB39557005F6310 /* MyCartView.swift in Sources */ = {isa = PBXBuildFile; fileRef = 9D376FB72BB39557005F6310 /* MyCartView.swift */; };
		9D376FBA2BB3957E005F6310 /* CheckoutView.swift in Sources */ = {isa = PBXBuildFile; fileRef = 9D376FB92BB3957E005F6310 /* CheckoutView.swift */; };
		9D376FBC2BB395AA005F6310 /* OrderAccpetView.swift in Sources */ = {isa = PBXBuildFile; fileRef = 9D376FBB2BB395AA005F6310 /* OrderAccpetView.swift */; };
		9D376FBE2BB395D8005F6310 /* FavouriteView.swift in Sources */ = {isa = PBXBuildFile; fileRef = 9D376FBD2BB395D8005F6310 /* FavouriteView.swift */; };
		9D376FC02BB3960B005F6310 /* ExploreView.swift in Sources */ = {isa = PBXBuildFile; fileRef = 9D376FBF2BB3960B005F6310 /* ExploreView.swift */; };
		9D376FC22BB3962C005F6310 /* ExploreItemsView.swift in Sources */ = {isa = PBXBuildFile; fileRef = 9D376FC12BB3962C005F6310 /* ExploreItemsView.swift */; };
		9D376FC42BB39658005F6310 /* HomeView.swift in Sources */ = {isa = PBXBuildFile; fileRef = 9D376FC32BB39658005F6310 /* HomeView.swift */; };
		9D376FC62BB39680005F6310 /* ProductDetailView.swift in Sources */ = {isa = PBXBuildFile; fileRef = 9D376FC52BB39680005F6310 /* ProductDetailView.swift */; };
		9D376FC82BB39767005F6310 /* ForgotPasswordView.swift in Sources */ = {isa = PBXBuildFile; fileRef = 9D376FC72BB39767005F6310 /* ForgotPasswordView.swift */; };
		9D376FCA2BB39791005F6310 /* OTPView.swift in Sources */ = {isa = PBXBuildFile; fileRef = 9D376FC92BB39791005F6310 /* OTPView.swift */; };
		9D376FCC2BB397B5005F6310 /* ForgotPasswordSetView.swift in Sources */ = {isa = PBXBuildFile; fileRef = 9D376FCB2BB397B5005F6310 /* ForgotPasswordSetView.swift */; };
		9D3C60172BB9AA6100B975BD /* ColorModel.swift in Sources */ = {isa = PBXBuildFile; fileRef = 9D3C60162BB9AA6100B975BD /* ColorModel.swift */; };
		9D3C60192BB9AB8B00B975BD /* SizeModel.swift in Sources */ = {isa = PBXBuildFile; fileRef = 9D3C60182BB9AB8B00B975BD /* SizeModel.swift */; };
		9D3FF05E2BA5FA61002D1146 /* SkyesWardrobeApp.swift in Sources */ = {isa = PBXBuildFile; fileRef = 9D3FF05D2BA5FA61002D1146 /* SkyesWardrobeApp.swift */; };
		9D3FF0622BA5FA63002D1146 /* Assets.xcassets in Resources */ = {isa = PBXBuildFile; fileRef = 9D3FF0612BA5FA63002D1146 /* Assets.xcassets */; };
		9D3FF0652BA5FA63002D1146 /* Preview Assets.xcassets in Resources */ = {isa = PBXBuildFile; fileRef = 9D3FF0642BA5FA63002D1146 /* Preview Assets.xcassets */; };
		9D3FF06F2BA5FA63002D1146 /* SkyesWardrobeTests.swift in Sources */ = {isa = PBXBuildFile; fileRef = 9D3FF06E2BA5FA63002D1146 /* SkyesWardrobeTests.swift */; };
		9D3FF0792BA5FA63002D1146 /* SkyesWardrobeUITests.swift in Sources */ = {isa = PBXBuildFile; fileRef = 9D3FF0782BA5FA63002D1146 /* SkyesWardrobeUITests.swift */; };
		9D3FF07B2BA5FA63002D1146 /* SkyesWardrobeUITestsLaunchTests.swift in Sources */ = {isa = PBXBuildFile; fileRef = 9D3FF07A2BA5FA63002D1146 /* SkyesWardrobeUITestsLaunchTests.swift */; };
		9D3FF08D2BA60194002D1146 /* Gilroy-SemiBold.ttf in Resources */ = {isa = PBXBuildFile; fileRef = 9D3FF0892BA60194002D1146 /* Gilroy-SemiBold.ttf */; };
		9D3FF08E2BA60194002D1146 /* Gilroy-Medium.ttf in Resources */ = {isa = PBXBuildFile; fileRef = 9D3FF08A2BA60194002D1146 /* Gilroy-Medium.ttf */; };
		9D3FF08F2BA60194002D1146 /* Gilroy-Bold.ttf in Resources */ = {isa = PBXBuildFile; fileRef = 9D3FF08B2BA60194002D1146 /* Gilroy-Bold.ttf */; };
		9D3FF0902BA60194002D1146 /* Gilroy-Regular.ttf in Resources */ = {isa = PBXBuildFile; fileRef = 9D3FF08C2BA60194002D1146 /* Gilroy-Regular.ttf */; };
		9D4995D52BA8424200C51008 /* ServiceCall.swift in Sources */ = {isa = PBXBuildFile; fileRef = 9D4995D42BA8424200C51008 /* ServiceCall.swift */; };
		9D4995D72BA8A2EF00C51008 /* Globs.swift in Sources */ = {isa = PBXBuildFile; fileRef = 9D4995D62BA8A2EF00C51008 /* Globs.swift */; };
		9D4995DA2BA8BCFA00C51008 /* UIKitExtension.swift in Sources */ = {isa = PBXBuildFile; fileRef = 9D4995D92BA8BCFA00C51008 /* UIKitExtension.swift */; };
		9D4995DC2BA8F82200C51008 /* SignUpView.swift in Sources */ = {isa = PBXBuildFile; fileRef = 9D4995DB2BA8F82200C51008 /* SignUpView.swift */; };
		9D5602A02BA99D3200CA98E0 /* MainTabView.swift in Sources */ = {isa = PBXBuildFile; fileRef = 9D56029F2BA99D3200CA98E0 /* MainTabView.swift */; };
		9D5D5D2C2BA96F5700C0614B /* UserModel.swift in Sources */ = {isa = PBXBuildFile; fileRef = 9D5D5D2B2BA96F5700C0614B /* UserModel.swift */; };
		9DA9C0A42BA6CDB200424987 /* WelcomeView.swift in Sources */ = {isa = PBXBuildFile; fileRef = 9DA9C0A32BA6CDB200424987 /* WelcomeView.swift */; };
		9DA9C0A62BA6CE2100424987 /* Launch Screen.storyboard in Resources */ = {isa = PBXBuildFile; fileRef = 9DA9C0A52BA6CE2100424987 /* Launch Screen.storyboard */; };
		9DA9C0A82BA6E51500424987 /* UIExtension.swift in Sources */ = {isa = PBXBuildFile; fileRef = 9DA9C0A72BA6E51500424987 /* UIExtension.swift */; };
		9DA9C0AA2BA720CC00424987 /* RoundButton.swift in Sources */ = {isa = PBXBuildFile; fileRef = 9DA9C0A92BA720CC00424987 /* RoundButton.swift */; };
		9DA9C0AC2BA7267000424987 /* SignInView.swift in Sources */ = {isa = PBXBuildFile; fileRef = 9DA9C0AB2BA7267000424987 /* SignInView.swift */; };
		9DA9C0B12BA7478A00424987 /* CountryPickerUI.swift in Sources */ = {isa = PBXBuildFile; fileRef = 9DA9C0B02BA7478A00424987 /* CountryPickerUI.swift */; };
		9DA9C0B32BA7567F00424987 /* LoginView.swift in Sources */ = {isa = PBXBuildFile; fileRef = 9DA9C0B22BA7567F00424987 /* LoginView.swift */; };
		9DA9C0B52BA7715200424987 /* MainViewModel.swift in Sources */ = {isa = PBXBuildFile; fileRef = 9DA9C0B42BA7715200424987 /* MainViewModel.swift */; };
		9DA9C0B72BA79D1F00424987 /* LineTextField.swift in Sources */ = {isa = PBXBuildFile; fileRef = 9DA9C0B62BA79D1F00424987 /* LineTextField.swift */; };
/* End PBXBuildFile section */

/* Begin PBXContainerItemProxy section */
		9D3FF06B2BA5FA63002D1146 /* PBXContainerItemProxy */ = {
			isa = PBXContainerItemProxy;
			containerPortal = 9D3FF0522BA5FA61002D1146 /* Project object */;
			proxyType = 1;
			remoteGlobalIDString = 9D3FF0592BA5FA61002D1146;
			remoteInfo = SkyesWardrobe;
		};
		9D3FF0752BA5FA63002D1146 /* PBXContainerItemProxy */ = {
			isa = PBXContainerItemProxy;
			containerPortal = 9D3FF0522BA5FA61002D1146 /* Project object */;
			proxyType = 1;
			remoteGlobalIDString = 9D3FF0592BA5FA61002D1146;
			remoteInfo = SkyesWardrobe;
		};
/* End PBXContainerItemProxy section */

/* Begin PBXFileReference section */
		9D376F472BB35A29005F6310 /* TabButton.swift */ = {isa = PBXFileReference; lastKnownFileType = sourcecode.swift; path = TabButton.swift; sourceTree = "<group>"; };
		9D376F492BB35D49005F6310 /* SearchTextField.swift */ = {isa = PBXFileReference; lastKnownFileType = sourcecode.swift; path = SearchTextField.swift; sourceTree = "<group>"; };
		9D376F4B2BB35F8C005F6310 /* SectionTitleAll.swift */ = {isa = PBXFileReference; lastKnownFileType = sourcecode.swift; path = SectionTitleAll.swift; sourceTree = "<group>"; };
		9D376F4D2BB36314005F6310 /* ProductCell.swift */ = {isa = PBXFileReference; lastKnownFileType = sourcecode.swift; path = ProductCell.swift; sourceTree = "<group>"; };
		9D376F4F2BB36381005F6310 /* CategoryCell.swift */ = {isa = PBXFileReference; lastKnownFileType = sourcecode.swift; path = CategoryCell.swift; sourceTree = "<group>"; };
		9D376F572BB37378005F6310 /* FavouriteRow.swift */ = {isa = PBXFileReference; lastKnownFileType = sourcecode.swift; path = FavouriteRow.swift; sourceTree = "<group>"; };
		9D376F592BB373D3005F6310 /* ExploreCategoryCell.swift */ = {isa = PBXFileReference; lastKnownFileType = sourcecode.swift; path = ExploreCategoryCell.swift; sourceTree = "<group>"; };
		9D376F5B2BB37418005F6310 /* CartItemRow.swift */ = {isa = PBXFileReference; lastKnownFileType = sourcecode.swift; path = CartItemRow.swift; sourceTree = "<group>"; };
		9D376F5D2BB3744B005F6310 /* AccountRow.swift */ = {isa = PBXFileReference; lastKnownFileType = sourcecode.swift; path = AccountRow.swift; sourceTree = "<group>"; };
		9D376F5F2BB37490005F6310 /* OrderItemRow.swift */ = {isa = PBXFileReference; lastKnownFileType = sourcecode.swift; path = OrderItemRow.swift; sourceTree = "<group>"; };
		9D376F632BB37A6C005F6310 /* HomeViewModel.swift */ = {isa = PBXFileReference; lastKnownFileType = sourcecode.swift; path = HomeViewModel.swift; sourceTree = "<group>"; };
		9D376F652BB37AAD005F6310 /* ProductModel.swift */ = {isa = PBXFileReference; lastKnownFileType = sourcecode.swift; path = ProductModel.swift; sourceTree = "<group>"; };
		9D376F672BB37AE9005F6310 /* TypeModel.swift */ = {isa = PBXFileReference; lastKnownFileType = sourcecode.swift; path = TypeModel.swift; sourceTree = "<group>"; };
		9D376F6B2BB37B8C005F6310 /* ProductDetailViewModel.swift */ = {isa = PBXFileReference; lastKnownFileType = sourcecode.swift; path = ProductDetailViewModel.swift; sourceTree = "<group>"; };
		9D376F6D2BB37BB6005F6310 /* FavouriteViewModel.swift */ = {isa = PBXFileReference; lastKnownFileType = sourcecode.swift; path = FavouriteViewModel.swift; sourceTree = "<group>"; };
		9D376F6F2BB37BD2005F6310 /* ExploreViewModel.swift */ = {isa = PBXFileReference; lastKnownFileType = sourcecode.swift; path = ExploreViewModel.swift; sourceTree = "<group>"; };
		9D376F712BB37E10005F6310 /* ExploreItemViewModel.swift */ = {isa = PBXFileReference; lastKnownFileType = sourcecode.swift; path = ExploreItemViewModel.swift; sourceTree = "<group>"; };
		9D376F732BB37E39005F6310 /* CartViewModel.swift */ = {isa = PBXFileReference; lastKnownFileType = sourcecode.swift; path = CartViewModel.swift; sourceTree = "<group>"; };
		9D376F752BB37E63005F6310 /* DeliveryAddressViewModel.swift */ = {isa = PBXFileReference; lastKnownFileType = sourcecode.swift; path = DeliveryAddressViewModel.swift; sourceTree = "<group>"; };
		9D376F772BB37E96005F6310 /* PromoCodeViewModel.swift */ = {isa = PBXFileReference; lastKnownFileType = sourcecode.swift; path = PromoCodeViewModel.swift; sourceTree = "<group>"; };
		9D376F792BB37EBC005F6310 /* PaymentViewModel.swift */ = {isa = PBXFileReference; lastKnownFileType = sourcecode.swift; path = PaymentViewModel.swift; sourceTree = "<group>"; };
		9D376F7B2BB37EFF005F6310 /* MyOrdersViewModel.swift */ = {isa = PBXFileReference; lastKnownFileType = sourcecode.swift; path = MyOrdersViewModel.swift; sourceTree = "<group>"; };
		9D376F7D2BB37F25005F6310 /* MyOrderDetailViewModel.swift */ = {isa = PBXFileReference; lastKnownFileType = sourcecode.swift; path = MyOrderDetailViewModel.swift; sourceTree = "<group>"; };
		9D376F7F2BB37F72005F6310 /* NotificationViewModel.swift */ = {isa = PBXFileReference; lastKnownFileType = sourcecode.swift; path = NotificationViewModel.swift; sourceTree = "<group>"; };
		9D376F812BB37F97005F6310 /* MyDetailsViewModel.swift */ = {isa = PBXFileReference; lastKnownFileType = sourcecode.swift; path = MyDetailsViewModel.swift; sourceTree = "<group>"; };
		9D376F832BB37FBE005F6310 /* ForgotPasswordViewModel.swift */ = {isa = PBXFileReference; lastKnownFileType = sourcecode.swift; path = ForgotPasswordViewModel.swift; sourceTree = "<group>"; };
		9D376F852BB3803B005F6310 /* QuantityModel.swift */ = {isa = PBXFileReference; lastKnownFileType = sourcecode.swift; path = QuantityModel.swift; sourceTree = "<group>"; };
		9D376F872BB38093005F6310 /* ImageModel.swift */ = {isa = PBXFileReference; lastKnownFileType = sourcecode.swift; path = ImageModel.swift; sourceTree = "<group>"; };
		9D376F892BB380F5005F6310 /* ExploreCategoryModel.swift */ = {isa = PBXFileReference; lastKnownFileType = sourcecode.swift; path = ExploreCategoryModel.swift; sourceTree = "<group>"; };
		9D376F8B2BB38159005F6310 /* CartItemModel.swift */ = {isa = PBXFileReference; lastKnownFileType = sourcecode.swift; path = CartItemModel.swift; sourceTree = "<group>"; };
		9D376F8D2BB3819C005F6310 /* AddressModel.swift */ = {isa = PBXFileReference; lastKnownFileType = sourcecode.swift; path = AddressModel.swift; sourceTree = "<group>"; };
		9D376F8F2BB381C2005F6310 /* PromoCodeModel.swift */ = {isa = PBXFileReference; lastKnownFileType = sourcecode.swift; path = PromoCodeModel.swift; sourceTree = "<group>"; };
		9D376F912BB381E9005F6310 /* PaymentModel.swift */ = {isa = PBXFileReference; lastKnownFileType = sourcecode.swift; path = PaymentModel.swift; sourceTree = "<group>"; };
		9D376F932BB382CB005F6310 /* MyOrderModel.swift */ = {isa = PBXFileReference; lastKnownFileType = sourcecode.swift; path = MyOrderModel.swift; sourceTree = "<group>"; };
		9D376F952BB38D8A005F6310 /* OrderItemModel.swift */ = {isa = PBXFileReference; lastKnownFileType = sourcecode.swift; path = OrderItemModel.swift; sourceTree = "<group>"; };
		9D376F992BB38DCB005F6310 /* NotificationModel.swift */ = {isa = PBXFileReference; lastKnownFileType = sourcecode.swift; path = NotificationModel.swift; sourceTree = "<group>"; };
		9D376FA12BB38F0F005F6310 /* AccountView.swift */ = {isa = PBXFileReference; lastKnownFileType = sourcecode.swift; path = AccountView.swift; sourceTree = "<group>"; };
		9D376FA32BB3900F005F6310 /* DelieryAddressView.swift */ = {isa = PBXFileReference; lastKnownFileType = sourcecode.swift; path = DelieryAddressView.swift; sourceTree = "<group>"; };
		9D376FA52BB392BE005F6310 /* AddDeliveryAddressView.swift */ = {isa = PBXFileReference; lastKnownFileType = sourcecode.swift; path = AddDeliveryAddressView.swift; sourceTree = "<group>"; };
		9D376FA72BB392EA005F6310 /* PromoCodeView.swift */ = {isa = PBXFileReference; lastKnownFileType = sourcecode.swift; path = PromoCodeView.swift; sourceTree = "<group>"; };
		9D376FA92BB3931A005F6310 /* PaymentMethodsView.swift */ = {isa = PBXFileReference; lastKnownFileType = sourcecode.swift; path = PaymentMethodsView.swift; sourceTree = "<group>"; };
		9D376FAB2BB3933B005F6310 /* AddPaymentMethodView.swift */ = {isa = PBXFileReference; lastKnownFileType = sourcecode.swift; path = AddPaymentMethodView.swift; sourceTree = "<group>"; };
		9D376FAD2BB3935D005F6310 /* MyOrdersView.swift */ = {isa = PBXFileReference; lastKnownFileType = sourcecode.swift; path = MyOrdersView.swift; sourceTree = "<group>"; };
		9D376FAF2BB3938E005F6310 /* MyOrdersDetailView.swift */ = {isa = PBXFileReference; lastKnownFileType = sourcecode.swift; path = MyOrdersDetailView.swift; sourceTree = "<group>"; };
		9D376FB12BB393BE005F6310 /* NotificationView.swift */ = {isa = PBXFileReference; lastKnownFileType = sourcecode.swift; path = NotificationView.swift; sourceTree = "<group>"; };
		9D376FB32BB393EE005F6310 /* MyDetailsView.swift */ = {isa = PBXFileReference; lastKnownFileType = sourcecode.swift; path = MyDetailsView.swift; sourceTree = "<group>"; };
		9D376FB52BB394EC005F6310 /* ChangePasswordView.swift */ = {isa = PBXFileReference; lastKnownFileType = sourcecode.swift; path = ChangePasswordView.swift; sourceTree = "<group>"; };
		9D376FB72BB39557005F6310 /* MyCartView.swift */ = {isa = PBXFileReference; lastKnownFileType = sourcecode.swift; path = MyCartView.swift; sourceTree = "<group>"; };
		9D376FB92BB3957E005F6310 /* CheckoutView.swift */ = {isa = PBXFileReference; lastKnownFileType = sourcecode.swift; path = CheckoutView.swift; sourceTree = "<group>"; };
		9D376FBB2BB395AA005F6310 /* OrderAccpetView.swift */ = {isa = PBXFileReference; lastKnownFileType = sourcecode.swift; path = OrderAccpetView.swift; sourceTree = "<group>"; };
		9D376FBD2BB395D8005F6310 /* FavouriteView.swift */ = {isa = PBXFileReference; lastKnownFileType = sourcecode.swift; path = FavouriteView.swift; sourceTree = "<group>"; };
		9D376FBF2BB3960B005F6310 /* ExploreView.swift */ = {isa = PBXFileReference; lastKnownFileType = sourcecode.swift; path = ExploreView.swift; sourceTree = "<group>"; };
		9D376FC12BB3962C005F6310 /* ExploreItemsView.swift */ = {isa = PBXFileReference; lastKnownFileType = sourcecode.swift; path = ExploreItemsView.swift; sourceTree = "<group>"; };
		9D376FC32BB39658005F6310 /* HomeView.swift */ = {isa = PBXFileReference; lastKnownFileType = sourcecode.swift; path = HomeView.swift; sourceTree = "<group>"; };
		9D376FC52BB39680005F6310 /* ProductDetailView.swift */ = {isa = PBXFileReference; lastKnownFileType = sourcecode.swift; path = ProductDetailView.swift; sourceTree = "<group>"; };
		9D376FC72BB39767005F6310 /* ForgotPasswordView.swift */ = {isa = PBXFileReference; lastKnownFileType = sourcecode.swift; path = ForgotPasswordView.swift; sourceTree = "<group>"; };
		9D376FC92BB39791005F6310 /* OTPView.swift */ = {isa = PBXFileReference; lastKnownFileType = sourcecode.swift; path = OTPView.swift; sourceTree = "<group>"; };
		9D376FCB2BB397B5005F6310 /* ForgotPasswordSetView.swift */ = {isa = PBXFileReference; lastKnownFileType = sourcecode.swift; path = ForgotPasswordSetView.swift; sourceTree = "<group>"; };
		9D3C60162BB9AA6100B975BD /* ColorModel.swift */ = {isa = PBXFileReference; lastKnownFileType = sourcecode.swift; path = ColorModel.swift; sourceTree = "<group>"; };
		9D3C60182BB9AB8B00B975BD /* SizeModel.swift */ = {isa = PBXFileReference; lastKnownFileType = sourcecode.swift; path = SizeModel.swift; sourceTree = "<group>"; };
		9D3FF05A2BA5FA61002D1146 /* SkyesWardrobe.app */ = {isa = PBXFileReference; explicitFileType = wrapper.application; includeInIndex = 0; path = SkyesWardrobe.app; sourceTree = BUILT_PRODUCTS_DIR; };
		9D3FF05D2BA5FA61002D1146 /* SkyesWardrobeApp.swift */ = {isa = PBXFileReference; lastKnownFileType = sourcecode.swift; path = SkyesWardrobeApp.swift; sourceTree = "<group>"; };
		9D3FF0612BA5FA63002D1146 /* Assets.xcassets */ = {isa = PBXFileReference; lastKnownFileType = folder.assetcatalog; path = Assets.xcassets; sourceTree = "<group>"; };
		9D3FF0642BA5FA63002D1146 /* Preview Assets.xcassets */ = {isa = PBXFileReference; lastKnownFileType = folder.assetcatalog; path = "Preview Assets.xcassets"; sourceTree = "<group>"; };
		9D3FF06A2BA5FA63002D1146 /* SkyesWardrobeTests.xctest */ = {isa = PBXFileReference; explicitFileType = wrapper.cfbundle; includeInIndex = 0; path = SkyesWardrobeTests.xctest; sourceTree = BUILT_PRODUCTS_DIR; };
		9D3FF06E2BA5FA63002D1146 /* SkyesWardrobeTests.swift */ = {isa = PBXFileReference; lastKnownFileType = sourcecode.swift; path = SkyesWardrobeTests.swift; sourceTree = "<group>"; };
		9D3FF0742BA5FA63002D1146 /* SkyesWardrobeUITests.xctest */ = {isa = PBXFileReference; explicitFileType = wrapper.cfbundle; includeInIndex = 0; path = SkyesWardrobeUITests.xctest; sourceTree = BUILT_PRODUCTS_DIR; };
		9D3FF0782BA5FA63002D1146 /* SkyesWardrobeUITests.swift */ = {isa = PBXFileReference; lastKnownFileType = sourcecode.swift; path = SkyesWardrobeUITests.swift; sourceTree = "<group>"; };
		9D3FF07A2BA5FA63002D1146 /* SkyesWardrobeUITestsLaunchTests.swift */ = {isa = PBXFileReference; lastKnownFileType = sourcecode.swift; path = SkyesWardrobeUITestsLaunchTests.swift; sourceTree = "<group>"; };
		9D3FF0882BA600DD002D1146 /* Info.plist */ = {isa = PBXFileReference; lastKnownFileType = text.plist; path = Info.plist; sourceTree = "<group>"; };
		9D3FF0892BA60194002D1146 /* Gilroy-SemiBold.ttf */ = {isa = PBXFileReference; lastKnownFileType = file; path = "Gilroy-SemiBold.ttf"; sourceTree = "<group>"; };
		9D3FF08A2BA60194002D1146 /* Gilroy-Medium.ttf */ = {isa = PBXFileReference; lastKnownFileType = file; path = "Gilroy-Medium.ttf"; sourceTree = "<group>"; };
		9D3FF08B2BA60194002D1146 /* Gilroy-Bold.ttf */ = {isa = PBXFileReference; lastKnownFileType = file; path = "Gilroy-Bold.ttf"; sourceTree = "<group>"; };
		9D3FF08C2BA60194002D1146 /* Gilroy-Regular.ttf */ = {isa = PBXFileReference; lastKnownFileType = file; path = "Gilroy-Regular.ttf"; sourceTree = "<group>"; };
		9D4995D42BA8424200C51008 /* ServiceCall.swift */ = {isa = PBXFileReference; lastKnownFileType = sourcecode.swift; path = ServiceCall.swift; sourceTree = "<group>"; };
		9D4995D62BA8A2EF00C51008 /* Globs.swift */ = {isa = PBXFileReference; lastKnownFileType = sourcecode.swift; path = Globs.swift; sourceTree = "<group>"; };
		9D4995D92BA8BCFA00C51008 /* UIKitExtension.swift */ = {isa = PBXFileReference; lastKnownFileType = sourcecode.swift; path = UIKitExtension.swift; sourceTree = "<group>"; };
		9D4995DB2BA8F82200C51008 /* SignUpView.swift */ = {isa = PBXFileReference; lastKnownFileType = sourcecode.swift; path = SignUpView.swift; sourceTree = "<group>"; };
		9D56029F2BA99D3200CA98E0 /* MainTabView.swift */ = {isa = PBXFileReference; lastKnownFileType = sourcecode.swift; path = MainTabView.swift; sourceTree = "<group>"; };
		9D5D5D2B2BA96F5700C0614B /* UserModel.swift */ = {isa = PBXFileReference; lastKnownFileType = sourcecode.swift; path = UserModel.swift; sourceTree = "<group>"; };
		9DA9C0A32BA6CDB200424987 /* WelcomeView.swift */ = {isa = PBXFileReference; lastKnownFileType = sourcecode.swift; path = WelcomeView.swift; sourceTree = "<group>"; };
		9DA9C0A52BA6CE2100424987 /* Launch Screen.storyboard */ = {isa = PBXFileReference; lastKnownFileType = file.storyboard; path = "Launch Screen.storyboard"; sourceTree = "<group>"; };
		9DA9C0A72BA6E51500424987 /* UIExtension.swift */ = {isa = PBXFileReference; lastKnownFileType = sourcecode.swift; path = UIExtension.swift; sourceTree = "<group>"; };
		9DA9C0A92BA720CC00424987 /* RoundButton.swift */ = {isa = PBXFileReference; lastKnownFileType = sourcecode.swift; path = RoundButton.swift; sourceTree = "<group>"; };
		9DA9C0AB2BA7267000424987 /* SignInView.swift */ = {isa = PBXFileReference; lastKnownFileType = sourcecode.swift; path = SignInView.swift; sourceTree = "<group>"; };
		9DA9C0B02BA7478A00424987 /* CountryPickerUI.swift */ = {isa = PBXFileReference; lastKnownFileType = sourcecode.swift; path = CountryPickerUI.swift; sourceTree = "<group>"; };
		9DA9C0B22BA7567F00424987 /* LoginView.swift */ = {isa = PBXFileReference; lastKnownFileType = sourcecode.swift; path = LoginView.swift; sourceTree = "<group>"; };
		9DA9C0B42BA7715200424987 /* MainViewModel.swift */ = {isa = PBXFileReference; lastKnownFileType = sourcecode.swift; path = MainViewModel.swift; sourceTree = "<group>"; };
		9DA9C0B62BA79D1F00424987 /* LineTextField.swift */ = {isa = PBXFileReference; lastKnownFileType = sourcecode.swift; path = LineTextField.swift; sourceTree = "<group>"; };
/* End PBXFileReference section */

/* Begin PBXFrameworksBuildPhase section */
		9D3FF0572BA5FA61002D1146 /* Frameworks */ = {
			isa = PBXFrameworksBuildPhase;
			buildActionMask = 2147483647;
			files = (
				9D376F562BB372FA005F6310 /* SDWebImageSwiftUI in Frameworks */,
				9D376F532BB36E09005F6310 /* CountryPicker in Frameworks */,
			);
			runOnlyForDeploymentPostprocessing = 0;
		};
		9D3FF0672BA5FA63002D1146 /* Frameworks */ = {
			isa = PBXFrameworksBuildPhase;
			buildActionMask = 2147483647;
			files = (
			);
			runOnlyForDeploymentPostprocessing = 0;
		};
		9D3FF0712BA5FA63002D1146 /* Frameworks */ = {
			isa = PBXFrameworksBuildPhase;
			buildActionMask = 2147483647;
			files = (
			);
			runOnlyForDeploymentPostprocessing = 0;
		};
/* End PBXFrameworksBuildPhase section */

/* Begin PBXGroup section */
		9D376F9B2BB38E62005F6310 /* Account */ = {
			isa = PBXGroup;
			children = (
				9D376FA12BB38F0F005F6310 /* AccountView.swift */,
				9D376FA32BB3900F005F6310 /* DelieryAddressView.swift */,
				9D376FA52BB392BE005F6310 /* AddDeliveryAddressView.swift */,
				9D376FA72BB392EA005F6310 /* PromoCodeView.swift */,
				9D376FA92BB3931A005F6310 /* PaymentMethodsView.swift */,
				9D376FAB2BB3933B005F6310 /* AddPaymentMethodView.swift */,
				9D376FAD2BB3935D005F6310 /* MyOrdersView.swift */,
				9D376FAF2BB3938E005F6310 /* MyOrdersDetailView.swift */,
				9D376FB12BB393BE005F6310 /* NotificationView.swift */,
				9D376FB32BB393EE005F6310 /* MyDetailsView.swift */,
				9D376FB52BB394EC005F6310 /* ChangePasswordView.swift */,
			);
			path = Account;
			sourceTree = "<group>";
		};
		9D376F9C2BB38E73005F6310 /* Cart */ = {
			isa = PBXGroup;
			children = (
				9D376FB72BB39557005F6310 /* MyCartView.swift */,
				9D376FB92BB3957E005F6310 /* CheckoutView.swift */,
				9D376FBB2BB395AA005F6310 /* OrderAccpetView.swift */,
			);
			path = Cart;
			sourceTree = "<group>";
		};
		9D376F9D2BB38E7B005F6310 /* Favourite */ = {
			isa = PBXGroup;
			children = (
				9D376FBD2BB395D8005F6310 /* FavouriteView.swift */,
			);
			path = Favourite;
			sourceTree = "<group>";
		};
		9D376F9E2BB38E88005F6310 /* Explore */ = {
			isa = PBXGroup;
			children = (
				9D376FBF2BB3960B005F6310 /* ExploreView.swift */,
				9D376FC12BB3962C005F6310 /* ExploreItemsView.swift */,
			);
			path = Explore;
			sourceTree = "<group>";
		};
		9D376F9F2BB38E8F005F6310 /* Home */ = {
			isa = PBXGroup;
			children = (
				9D376FC32BB39658005F6310 /* HomeView.swift */,
				9D376FC52BB39680005F6310 /* ProductDetailView.swift */,
			);
			path = Home;
			sourceTree = "<group>";
		};
		9D3FF0512BA5FA61002D1146 = {
			isa = PBXGroup;
			children = (
				9D3FF05C2BA5FA61002D1146 /* SkyesWardrobe */,
				9D3FF06D2BA5FA63002D1146 /* SkyesWardrobeTests */,
				9D3FF0772BA5FA63002D1146 /* SkyesWardrobeUITests */,
				9D3FF05B2BA5FA61002D1146 /* Products */,
			);
			sourceTree = "<group>";
		};
		9D3FF05B2BA5FA61002D1146 /* Products */ = {
			isa = PBXGroup;
			children = (
				9D3FF05A2BA5FA61002D1146 /* SkyesWardrobe.app */,
				9D3FF06A2BA5FA63002D1146 /* SkyesWardrobeTests.xctest */,
				9D3FF0742BA5FA63002D1146 /* SkyesWardrobeUITests.xctest */,
			);
			name = Products;
			sourceTree = "<group>";
		};
		9D3FF05C2BA5FA61002D1146 /* SkyesWardrobe */ = {
			isa = PBXGroup;
			children = (
				9D4995D82BA8BCAF00C51008 /* Common */,
				9DA9C0A12BA6CD2B00424987 /* UICommon */,
				9D3FF0932BA6029A002D1146 /* ViewModel */,
				9D3FF0922BA60293002D1146 /* Model */,
				9D3FF0912BA60279002D1146 /* View */,
				9D3FF0882BA600DD002D1146 /* Info.plist */,
				9D3FF0872BA5FBA6002D1146 /* Font */,
				9D3FF05D2BA5FA61002D1146 /* SkyesWardrobeApp.swift */,
				9D3FF0612BA5FA63002D1146 /* Assets.xcassets */,
				9D3FF0632BA5FA63002D1146 /* Preview Content */,
				9DA9C0A52BA6CE2100424987 /* Launch Screen.storyboard */,
			);
			path = SkyesWardrobe;
			sourceTree = "<group>";
		};
		9D3FF0632BA5FA63002D1146 /* Preview Content */ = {
			isa = PBXGroup;
			children = (
				9D3FF0642BA5FA63002D1146 /* Preview Assets.xcassets */,
			);
			path = "Preview Content";
			sourceTree = "<group>";
		};
		9D3FF06D2BA5FA63002D1146 /* SkyesWardrobeTests */ = {
			isa = PBXGroup;
			children = (
				9D3FF06E2BA5FA63002D1146 /* SkyesWardrobeTests.swift */,
			);
			path = SkyesWardrobeTests;
			sourceTree = "<group>";
		};
		9D3FF0772BA5FA63002D1146 /* SkyesWardrobeUITests */ = {
			isa = PBXGroup;
			children = (
				9D3FF0782BA5FA63002D1146 /* SkyesWardrobeUITests.swift */,
				9D3FF07A2BA5FA63002D1146 /* SkyesWardrobeUITestsLaunchTests.swift */,
			);
			path = SkyesWardrobeUITests;
			sourceTree = "<group>";
		};
		9D3FF0872BA5FBA6002D1146 /* Font */ = {
			isa = PBXGroup;
			children = (
				9D3FF08B2BA60194002D1146 /* Gilroy-Bold.ttf */,
				9D3FF08A2BA60194002D1146 /* Gilroy-Medium.ttf */,
				9D3FF08C2BA60194002D1146 /* Gilroy-Regular.ttf */,
				9D3FF0892BA60194002D1146 /* Gilroy-SemiBold.ttf */,
			);
			path = Font;
			sourceTree = "<group>";
		};
		9D3FF0912BA60279002D1146 /* View */ = {
			isa = PBXGroup;
			children = (
				9D376F9B2BB38E62005F6310 /* Account */,
				9D376F9C2BB38E73005F6310 /* Cart */,
				9D376F9D2BB38E7B005F6310 /* Favourite */,
				9D376F9E2BB38E88005F6310 /* Explore */,
				9D376F9F2BB38E8F005F6310 /* Home */,
				9D56029E2BA99D1F00CA98E0 /* MainTab */,
				9DA9C0A22BA6CD8500424987 /* Login */,
			);
			path = View;
			sourceTree = "<group>";
		};
		9D3FF0922BA60293002D1146 /* Model */ = {
			isa = PBXGroup;
			children = (
				9D5D5D2B2BA96F5700C0614B /* UserModel.swift */,
				9D376F652BB37AAD005F6310 /* ProductModel.swift */,
				9D376F672BB37AE9005F6310 /* TypeModel.swift */,
				9D376F852BB3803B005F6310 /* QuantityModel.swift */,
				9D376F872BB38093005F6310 /* ImageModel.swift */,
				9D376F892BB380F5005F6310 /* ExploreCategoryModel.swift */,
				9D376F8B2BB38159005F6310 /* CartItemModel.swift */,
				9D376F8D2BB3819C005F6310 /* AddressModel.swift */,
				9D376F8F2BB381C2005F6310 /* PromoCodeModel.swift */,
				9D376F912BB381E9005F6310 /* PaymentModel.swift */,
				9D376F932BB382CB005F6310 /* MyOrderModel.swift */,
				9D376F952BB38D8A005F6310 /* OrderItemModel.swift */,
				9D376F992BB38DCB005F6310 /* NotificationModel.swift */,
				9D3C60162BB9AA6100B975BD /* ColorModel.swift */,
				9D3C60182BB9AB8B00B975BD /* SizeModel.swift */,
			);
			path = Model;
			sourceTree = "<group>";
		};
		9D3FF0932BA6029A002D1146 /* ViewModel */ = {
			isa = PBXGroup;
			children = (
				9DA9C0B42BA7715200424987 /* MainViewModel.swift */,
				9D376F632BB37A6C005F6310 /* HomeViewModel.swift */,
				9D376F6B2BB37B8C005F6310 /* ProductDetailViewModel.swift */,
				9D376F6D2BB37BB6005F6310 /* FavouriteViewModel.swift */,
				9D376F6F2BB37BD2005F6310 /* ExploreViewModel.swift */,
				9D376F712BB37E10005F6310 /* ExploreItemViewModel.swift */,
				9D376F732BB37E39005F6310 /* CartViewModel.swift */,
				9D376F752BB37E63005F6310 /* DeliveryAddressViewModel.swift */,
				9D376F772BB37E96005F6310 /* PromoCodeViewModel.swift */,
				9D376F792BB37EBC005F6310 /* PaymentViewModel.swift */,
				9D376F7B2BB37EFF005F6310 /* MyOrdersViewModel.swift */,
				9D376F7D2BB37F25005F6310 /* MyOrderDetailViewModel.swift */,
				9D376F7F2BB37F72005F6310 /* NotificationViewModel.swift */,
				9D376F812BB37F97005F6310 /* MyDetailsViewModel.swift */,
				9D376F832BB37FBE005F6310 /* ForgotPasswordViewModel.swift */,
			);
			path = ViewModel;
			sourceTree = "<group>";
		};
		9D4995D82BA8BCAF00C51008 /* Common */ = {
			isa = PBXGroup;
			children = (
				9D4995D92BA8BCFA00C51008 /* UIKitExtension.swift */,
			);
			path = Common;
			sourceTree = "<group>";
		};
		9D56029E2BA99D1F00CA98E0 /* MainTab */ = {
			isa = PBXGroup;
			children = (
				9D56029F2BA99D3200CA98E0 /* MainTabView.swift */,
			);
			path = MainTab;
			sourceTree = "<group>";
		};
		9DA9C0A12BA6CD2B00424987 /* UICommon */ = {
			isa = PBXGroup;
			children = (
				9DA9C0A72BA6E51500424987 /* UIExtension.swift */,
				9DA9C0A92BA720CC00424987 /* RoundButton.swift */,
				9DA9C0B02BA7478A00424987 /* CountryPickerUI.swift */,
				9DA9C0B62BA79D1F00424987 /* LineTextField.swift */,
				9D4995D42BA8424200C51008 /* ServiceCall.swift */,
				9D4995D62BA8A2EF00C51008 /* Globs.swift */,
				9D376F472BB35A29005F6310 /* TabButton.swift */,
				9D376F492BB35D49005F6310 /* SearchTextField.swift */,
				9D376F4B2BB35F8C005F6310 /* SectionTitleAll.swift */,
				9D376F4D2BB36314005F6310 /* ProductCell.swift */,
				9D376F4F2BB36381005F6310 /* CategoryCell.swift */,
				9D376F572BB37378005F6310 /* FavouriteRow.swift */,
				9D376F592BB373D3005F6310 /* ExploreCategoryCell.swift */,
				9D376F5B2BB37418005F6310 /* CartItemRow.swift */,
				9D376F5D2BB3744B005F6310 /* AccountRow.swift */,
				9D376F5F2BB37490005F6310 /* OrderItemRow.swift */,
			);
			path = UICommon;
			sourceTree = "<group>";
		};
		9DA9C0A22BA6CD8500424987 /* Login */ = {
			isa = PBXGroup;
			children = (
				9DA9C0A32BA6CDB200424987 /* WelcomeView.swift */,
				9DA9C0AB2BA7267000424987 /* SignInView.swift */,
				9DA9C0B22BA7567F00424987 /* LoginView.swift */,
				9D4995DB2BA8F82200C51008 /* SignUpView.swift */,
				9D376FC72BB39767005F6310 /* ForgotPasswordView.swift */,
				9D376FC92BB39791005F6310 /* OTPView.swift */,
				9D376FCB2BB397B5005F6310 /* ForgotPasswordSetView.swift */,
			);
			path = Login;
			sourceTree = "<group>";
		};
/* End PBXGroup section */

/* Begin PBXNativeTarget section */
		9D3FF0592BA5FA61002D1146 /* SkyesWardrobe */ = {
			isa = PBXNativeTarget;
			buildConfigurationList = 9D3FF07E2BA5FA63002D1146 /* Build configuration list for PBXNativeTarget "SkyesWardrobe" */;
			buildPhases = (
				9D3FF0562BA5FA61002D1146 /* Sources */,
				9D3FF0572BA5FA61002D1146 /* Frameworks */,
				9D3FF0582BA5FA61002D1146 /* Resources */,
			);
			buildRules = (
			);
			dependencies = (
			);
			name = SkyesWardrobe;
			packageProductDependencies = (
				9D376F522BB36E09005F6310 /* CountryPicker */,
				9D376F552BB372FA005F6310 /* SDWebImageSwiftUI */,
			);
			productName = SkyesWardrobe;
			productReference = 9D3FF05A2BA5FA61002D1146 /* SkyesWardrobe.app */;
			productType = "com.apple.product-type.application";
		};
		9D3FF0692BA5FA63002D1146 /* SkyesWardrobeTests */ = {
			isa = PBXNativeTarget;
			buildConfigurationList = 9D3FF0812BA5FA63002D1146 /* Build configuration list for PBXNativeTarget "SkyesWardrobeTests" */;
			buildPhases = (
				9D3FF0662BA5FA63002D1146 /* Sources */,
				9D3FF0672BA5FA63002D1146 /* Frameworks */,
				9D3FF0682BA5FA63002D1146 /* Resources */,
			);
			buildRules = (
			);
			dependencies = (
				9D3FF06C2BA5FA63002D1146 /* PBXTargetDependency */,
			);
			name = SkyesWardrobeTests;
			productName = SkyesWardrobeTests;
			productReference = 9D3FF06A2BA5FA63002D1146 /* SkyesWardrobeTests.xctest */;
			productType = "com.apple.product-type.bundle.unit-test";
		};
		9D3FF0732BA5FA63002D1146 /* SkyesWardrobeUITests */ = {
			isa = PBXNativeTarget;
			buildConfigurationList = 9D3FF0842BA5FA63002D1146 /* Build configuration list for PBXNativeTarget "SkyesWardrobeUITests" */;
			buildPhases = (
				9D3FF0702BA5FA63002D1146 /* Sources */,
				9D3FF0712BA5FA63002D1146 /* Frameworks */,
				9D3FF0722BA5FA63002D1146 /* Resources */,
			);
			buildRules = (
			);
			dependencies = (
				9D3FF0762BA5FA63002D1146 /* PBXTargetDependency */,
			);
			name = SkyesWardrobeUITests;
			productName = SkyesWardrobeUITests;
			productReference = 9D3FF0742BA5FA63002D1146 /* SkyesWardrobeUITests.xctest */;
			productType = "com.apple.product-type.bundle.ui-testing";
		};
/* End PBXNativeTarget section */

/* Begin PBXProject section */
		9D3FF0522BA5FA61002D1146 /* Project object */ = {
			isa = PBXProject;
			attributes = {
				BuildIndependentTargetsInParallel = 1;
				LastSwiftUpdateCheck = 1510;
				LastUpgradeCheck = 1510;
				TargetAttributes = {
					9D3FF0592BA5FA61002D1146 = {
						CreatedOnToolsVersion = 15.1;
					};
					9D3FF0692BA5FA63002D1146 = {
						CreatedOnToolsVersion = 15.1;
						TestTargetID = 9D3FF0592BA5FA61002D1146;
					};
					9D3FF0732BA5FA63002D1146 = {
						CreatedOnToolsVersion = 15.1;
						TestTargetID = 9D3FF0592BA5FA61002D1146;
					};
				};
			};
			buildConfigurationList = 9D3FF0552BA5FA61002D1146 /* Build configuration list for PBXProject "SkyesWardrobe" */;
			compatibilityVersion = "Xcode 14.0";
			developmentRegion = en;
			hasScannedForEncodings = 0;
			knownRegions = (
				en,
				Base,
			);
			mainGroup = 9D3FF0512BA5FA61002D1146;
			packageReferences = (
				9D376F512BB36E09005F6310 /* XCRemoteSwiftPackageReference "CountryPicker" */,
				9D376F542BB372FA005F6310 /* XCRemoteSwiftPackageReference "SDWebImageSwiftUI" */,
			);
			productRefGroup = 9D3FF05B2BA5FA61002D1146 /* Products */;
			projectDirPath = "";
			projectRoot = "";
			targets = (
				9D3FF0592BA5FA61002D1146 /* SkyesWardrobe */,
				9D3FF0692BA5FA63002D1146 /* SkyesWardrobeTests */,
				9D3FF0732BA5FA63002D1146 /* SkyesWardrobeUITests */,
			);
		};
/* End PBXProject section */

/* Begin PBXResourcesBuildPhase section */
		9D3FF0582BA5FA61002D1146 /* Resources */ = {
			isa = PBXResourcesBuildPhase;
			buildActionMask = 2147483647;
			files = (
				9D3FF0652BA5FA63002D1146 /* Preview Assets.xcassets in Resources */,
				9D3FF0902BA60194002D1146 /* Gilroy-Regular.ttf in Resources */,
				9D3FF08E2BA60194002D1146 /* Gilroy-Medium.ttf in Resources */,
				9D3FF08F2BA60194002D1146 /* Gilroy-Bold.ttf in Resources */,
				9D3FF08D2BA60194002D1146 /* Gilroy-SemiBold.ttf in Resources */,
				9D3FF0622BA5FA63002D1146 /* Assets.xcassets in Resources */,
				9DA9C0A62BA6CE2100424987 /* Launch Screen.storyboard in Resources */,
			);
			runOnlyForDeploymentPostprocessing = 0;
		};
		9D3FF0682BA5FA63002D1146 /* Resources */ = {
			isa = PBXResourcesBuildPhase;
			buildActionMask = 2147483647;
			files = (
			);
			runOnlyForDeploymentPostprocessing = 0;
		};
		9D3FF0722BA5FA63002D1146 /* Resources */ = {
			isa = PBXResourcesBuildPhase;
			buildActionMask = 2147483647;
			files = (
			);
			runOnlyForDeploymentPostprocessing = 0;
		};
/* End PBXResourcesBuildPhase section */

/* Begin PBXSourcesBuildPhase section */
		9D3FF0562BA5FA61002D1146 /* Sources */ = {
			isa = PBXSourcesBuildPhase;
			buildActionMask = 2147483647;
			files = (
				9D376FBC2BB395AA005F6310 /* OrderAccpetView.swift in Sources */,
				9D376FC62BB39680005F6310 /* ProductDetailView.swift in Sources */,
				9D376F5E2BB3744B005F6310 /* AccountRow.swift in Sources */,
				9D376F802BB37F72005F6310 /* NotificationViewModel.swift in Sources */,
				9D376F8E2BB3819C005F6310 /* AddressModel.swift in Sources */,
				9D376F722BB37E10005F6310 /* ExploreItemViewModel.swift in Sources */,
				9D376F8A2BB380F5005F6310 /* ExploreCategoryModel.swift in Sources */,
				9DA9C0B12BA7478A00424987 /* CountryPickerUI.swift in Sources */,
				9D376F7C2BB37EFF005F6310 /* MyOrdersViewModel.swift in Sources */,
				9DA9C0B72BA79D1F00424987 /* LineTextField.swift in Sources */,
				9DA9C0B32BA7567F00424987 /* LoginView.swift in Sources */,
				9D376FC02BB3960B005F6310 /* ExploreView.swift in Sources */,
				9D376F662BB37AAD005F6310 /* ProductModel.swift in Sources */,
				9D376F742BB37E39005F6310 /* CartViewModel.swift in Sources */,
				9D376FCA2BB39791005F6310 /* OTPView.swift in Sources */,
				9D376F962BB38D8B005F6310 /* OrderItemModel.swift in Sources */,
				9D376F782BB37E96005F6310 /* PromoCodeViewModel.swift in Sources */,
				9D376F922BB381E9005F6310 /* PaymentModel.swift in Sources */,
				9D4995D72BA8A2EF00C51008 /* Globs.swift in Sources */,
				9D376F9A2BB38DCB005F6310 /* NotificationModel.swift in Sources */,
				9D376F822BB37F97005F6310 /* MyDetailsViewModel.swift in Sources */,
				9D376FA62BB392BE005F6310 /* AddDeliveryAddressView.swift in Sources */,
				9D376F602BB37490005F6310 /* OrderItemRow.swift in Sources */,
				9D376FC42BB39658005F6310 /* HomeView.swift in Sources */,
				9D376F762BB37E63005F6310 /* DeliveryAddressViewModel.swift in Sources */,
				9DA9C0AA2BA720CC00424987 /* RoundButton.swift in Sources */,
				9D376F5A2BB373D3005F6310 /* ExploreCategoryCell.swift in Sources */,
				9D376F902BB381C2005F6310 /* PromoCodeModel.swift in Sources */,
				9D3FF05E2BA5FA61002D1146 /* SkyesWardrobeApp.swift in Sources */,
				9D376F6E2BB37BB6005F6310 /* FavouriteViewModel.swift in Sources */,
				9D376FA22BB38F0F005F6310 /* AccountView.swift in Sources */,
				9D4995DA2BA8BCFA00C51008 /* UIKitExtension.swift in Sources */,
				9DA9C0A82BA6E51500424987 /* UIExtension.swift in Sources */,
				9D376F862BB3803B005F6310 /* QuantityModel.swift in Sources */,
				9D376FAE2BB3935D005F6310 /* MyOrdersView.swift in Sources */,
				9D376FA42BB39010005F6310 /* DelieryAddressView.swift in Sources */,
				9D5D5D2C2BA96F5700C0614B /* UserModel.swift in Sources */,
				9D376F882BB38093005F6310 /* ImageModel.swift in Sources */,
				9D376FB82BB39557005F6310 /* MyCartView.swift in Sources */,
				9D376F5C2BB37418005F6310 /* CartItemRow.swift in Sources */,
				9D4995DC2BA8F82200C51008 /* SignUpView.swift in Sources */,
				9D376FB02BB3938E005F6310 /* MyOrdersDetailView.swift in Sources */,
				9DA9C0A42BA6CDB200424987 /* WelcomeView.swift in Sources */,
				9D376F842BB37FBF005F6310 /* ForgotPasswordViewModel.swift in Sources */,
				9D376FCC2BB397B5005F6310 /* ForgotPasswordSetView.swift in Sources */,
				9D376FBE2BB395D8005F6310 /* FavouriteView.swift in Sources */,
				9D376F4A2BB35D49005F6310 /* SearchTextField.swift in Sources */,
				9D376F7A2BB37EBC005F6310 /* PaymentViewModel.swift in Sources */,
				9D376F4C2BB35F8C005F6310 /* SectionTitleAll.swift in Sources */,
				9D4995D52BA8424200C51008 /* ServiceCall.swift in Sources */,
				9D376F8C2BB38159005F6310 /* CartItemModel.swift in Sources */,
				9D376FAC2BB3933B005F6310 /* AddPaymentMethodView.swift in Sources */,
				9DA9C0AC2BA7267000424987 /* SignInView.swift in Sources */,
				9D376F7E2BB37F25005F6310 /* MyOrderDetailViewModel.swift in Sources */,
				9D376F4E2BB36314005F6310 /* ProductCell.swift in Sources */,
				9D376F482BB35A29005F6310 /* TabButton.swift in Sources */,
				9D376F642BB37A6C005F6310 /* HomeViewModel.swift in Sources */,
				9D376FA82BB392EA005F6310 /* PromoCodeView.swift in Sources */,
				9D376FB42BB393EE005F6310 /* MyDetailsView.swift in Sources */,
				9D376F942BB382CB005F6310 /* MyOrderModel.swift in Sources */,
				9D376FAA2BB3931A005F6310 /* PaymentMethodsView.swift in Sources */,
				9D376FB62BB394EC005F6310 /* ChangePasswordView.swift in Sources */,
				9D376F6C2BB37B8C005F6310 /* ProductDetailViewModel.swift in Sources */,
				9DA9C0B52BA7715200424987 /* MainViewModel.swift in Sources */,
				9D376F582BB37378005F6310 /* FavouriteRow.swift in Sources */,
				9D3C60172BB9AA6100B975BD /* ColorModel.swift in Sources */,
				9D376FC82BB39767005F6310 /* ForgotPasswordView.swift in Sources */,
				9D376F702BB37BD2005F6310 /* ExploreViewModel.swift in Sources */,
				9D376F682BB37AE9005F6310 /* TypeModel.swift in Sources */,
				9D3C60192BB9AB8B00B975BD /* SizeModel.swift in Sources */,
				9D5602A02BA99D3200CA98E0 /* MainTabView.swift in Sources */,
				9D376F502BB36381005F6310 /* CategoryCell.swift in Sources */,
				9D376FC22BB3962C005F6310 /* ExploreItemsView.swift in Sources */,
				9D376FBA2BB3957E005F6310 /* CheckoutView.swift in Sources */,
				9D376FB22BB393BE005F6310 /* NotificationView.swift in Sources */,
			);
			runOnlyForDeploymentPostprocessing = 0;
		};
		9D3FF0662BA5FA63002D1146 /* Sources */ = {
			isa = PBXSourcesBuildPhase;
			buildActionMask = 2147483647;
			files = (
				9D3FF06F2BA5FA63002D1146 /* SkyesWardrobeTests.swift in Sources */,
			);
			runOnlyForDeploymentPostprocessing = 0;
		};
		9D3FF0702BA5FA63002D1146 /* Sources */ = {
			isa = PBXSourcesBuildPhase;
			buildActionMask = 2147483647;
			files = (
				9D3FF07B2BA5FA63002D1146 /* SkyesWardrobeUITestsLaunchTests.swift in Sources */,
				9D3FF0792BA5FA63002D1146 /* SkyesWardrobeUITests.swift in Sources */,
			);
			runOnlyForDeploymentPostprocessing = 0;
		};
/* End PBXSourcesBuildPhase section */

/* Begin PBXTargetDependency section */
		9D3FF06C2BA5FA63002D1146 /* PBXTargetDependency */ = {
			isa = PBXTargetDependency;
			target = 9D3FF0592BA5FA61002D1146 /* SkyesWardrobe */;
			targetProxy = 9D3FF06B2BA5FA63002D1146 /* PBXContainerItemProxy */;
		};
		9D3FF0762BA5FA63002D1146 /* PBXTargetDependency */ = {
			isa = PBXTargetDependency;
			target = 9D3FF0592BA5FA61002D1146 /* SkyesWardrobe */;
			targetProxy = 9D3FF0752BA5FA63002D1146 /* PBXContainerItemProxy */;
		};
/* End PBXTargetDependency section */

/* Begin XCBuildConfiguration section */
		9D3FF07C2BA5FA63002D1146 /* Debug */ = {
			isa = XCBuildConfiguration;
			buildSettings = {
				ALWAYS_SEARCH_USER_PATHS = NO;
				ASSETCATALOG_COMPILER_GENERATE_SWIFT_ASSET_SYMBOL_EXTENSIONS = YES;
				CLANG_ANALYZER_NONNULL = YES;
				CLANG_ANALYZER_NUMBER_OBJECT_CONVERSION = YES_AGGRESSIVE;
				CLANG_CXX_LANGUAGE_STANDARD = "gnu++20";
				CLANG_ENABLE_MODULES = YES;
				CLANG_ENABLE_OBJC_ARC = YES;
				CLANG_ENABLE_OBJC_WEAK = YES;
				CLANG_WARN_BLOCK_CAPTURE_AUTORELEASING = YES;
				CLANG_WARN_BOOL_CONVERSION = YES;
				CLANG_WARN_COMMA = YES;
				CLANG_WARN_CONSTANT_CONVERSION = YES;
				CLANG_WARN_DEPRECATED_OBJC_IMPLEMENTATIONS = YES;
				CLANG_WARN_DIRECT_OBJC_ISA_USAGE = YES_ERROR;
				CLANG_WARN_DOCUMENTATION_COMMENTS = YES;
				CLANG_WARN_EMPTY_BODY = YES;
				CLANG_WARN_ENUM_CONVERSION = YES;
				CLANG_WARN_INFINITE_RECURSION = YES;
				CLANG_WARN_INT_CONVERSION = YES;
				CLANG_WARN_NON_LITERAL_NULL_CONVERSION = YES;
				CLANG_WARN_OBJC_IMPLICIT_RETAIN_SELF = YES;
				CLANG_WARN_OBJC_LITERAL_CONVERSION = YES;
				CLANG_WARN_OBJC_ROOT_CLASS = YES_ERROR;
				CLANG_WARN_QUOTED_INCLUDE_IN_FRAMEWORK_HEADER = YES;
				CLANG_WARN_RANGE_LOOP_ANALYSIS = YES;
				CLANG_WARN_STRICT_PROTOTYPES = YES;
				CLANG_WARN_SUSPICIOUS_MOVE = YES;
				CLANG_WARN_UNGUARDED_AVAILABILITY = YES_AGGRESSIVE;
				CLANG_WARN_UNREACHABLE_CODE = YES;
				CLANG_WARN__DUPLICATE_METHOD_MATCH = YES;
				COPY_PHASE_STRIP = NO;
				DEBUG_INFORMATION_FORMAT = dwarf;
				ENABLE_STRICT_OBJC_MSGSEND = YES;
				ENABLE_TESTABILITY = YES;
				ENABLE_USER_SCRIPT_SANDBOXING = YES;
				GCC_C_LANGUAGE_STANDARD = gnu17;
				GCC_DYNAMIC_NO_PIC = NO;
				GCC_NO_COMMON_BLOCKS = YES;
				GCC_OPTIMIZATION_LEVEL = 0;
				GCC_PREPROCESSOR_DEFINITIONS = (
					"DEBUG=1",
					"$(inherited)",
				);
				GCC_WARN_64_TO_32_BIT_CONVERSION = YES;
				GCC_WARN_ABOUT_RETURN_TYPE = YES_ERROR;
				GCC_WARN_UNDECLARED_SELECTOR = YES;
				GCC_WARN_UNINITIALIZED_AUTOS = YES_AGGRESSIVE;
				GCC_WARN_UNUSED_FUNCTION = YES;
				GCC_WARN_UNUSED_VARIABLE = YES;
				IPHONEOS_DEPLOYMENT_TARGET = 17.2;
				LOCALIZATION_PREFERS_STRING_CATALOGS = YES;
				MTL_ENABLE_DEBUG_INFO = INCLUDE_SOURCE;
				MTL_FAST_MATH = YES;
				ONLY_ACTIVE_ARCH = YES;
				SDKROOT = iphoneos;
				SWIFT_ACTIVE_COMPILATION_CONDITIONS = "DEBUG $(inherited)";
				SWIFT_OPTIMIZATION_LEVEL = "-Onone";
			};
			name = Debug;
		};
		9D3FF07D2BA5FA63002D1146 /* Release */ = {
			isa = XCBuildConfiguration;
			buildSettings = {
				ALWAYS_SEARCH_USER_PATHS = NO;
				ASSETCATALOG_COMPILER_GENERATE_SWIFT_ASSET_SYMBOL_EXTENSIONS = YES;
				CLANG_ANALYZER_NONNULL = YES;
				CLANG_ANALYZER_NUMBER_OBJECT_CONVERSION = YES_AGGRESSIVE;
				CLANG_CXX_LANGUAGE_STANDARD = "gnu++20";
				CLANG_ENABLE_MODULES = YES;
				CLANG_ENABLE_OBJC_ARC = YES;
				CLANG_ENABLE_OBJC_WEAK = YES;
				CLANG_WARN_BLOCK_CAPTURE_AUTORELEASING = YES;
				CLANG_WARN_BOOL_CONVERSION = YES;
				CLANG_WARN_COMMA = YES;
				CLANG_WARN_CONSTANT_CONVERSION = YES;
				CLANG_WARN_DEPRECATED_OBJC_IMPLEMENTATIONS = YES;
				CLANG_WARN_DIRECT_OBJC_ISA_USAGE = YES_ERROR;
				CLANG_WARN_DOCUMENTATION_COMMENTS = YES;
				CLANG_WARN_EMPTY_BODY = YES;
				CLANG_WARN_ENUM_CONVERSION = YES;
				CLANG_WARN_INFINITE_RECURSION = YES;
				CLANG_WARN_INT_CONVERSION = YES;
				CLANG_WARN_NON_LITERAL_NULL_CONVERSION = YES;
				CLANG_WARN_OBJC_IMPLICIT_RETAIN_SELF = YES;
				CLANG_WARN_OBJC_LITERAL_CONVERSION = YES;
				CLANG_WARN_OBJC_ROOT_CLASS = YES_ERROR;
				CLANG_WARN_QUOTED_INCLUDE_IN_FRAMEWORK_HEADER = YES;
				CLANG_WARN_RANGE_LOOP_ANALYSIS = YES;
				CLANG_WARN_STRICT_PROTOTYPES = YES;
				CLANG_WARN_SUSPICIOUS_MOVE = YES;
				CLANG_WARN_UNGUARDED_AVAILABILITY = YES_AGGRESSIVE;
				CLANG_WARN_UNREACHABLE_CODE = YES;
				CLANG_WARN__DUPLICATE_METHOD_MATCH = YES;
				COPY_PHASE_STRIP = NO;
				DEBUG_INFORMATION_FORMAT = "dwarf-with-dsym";
				ENABLE_NS_ASSERTIONS = NO;
				ENABLE_STRICT_OBJC_MSGSEND = YES;
				ENABLE_USER_SCRIPT_SANDBOXING = YES;
				GCC_C_LANGUAGE_STANDARD = gnu17;
				GCC_NO_COMMON_BLOCKS = YES;
				GCC_WARN_64_TO_32_BIT_CONVERSION = YES;
				GCC_WARN_ABOUT_RETURN_TYPE = YES_ERROR;
				GCC_WARN_UNDECLARED_SELECTOR = YES;
				GCC_WARN_UNINITIALIZED_AUTOS = YES_AGGRESSIVE;
				GCC_WARN_UNUSED_FUNCTION = YES;
				GCC_WARN_UNUSED_VARIABLE = YES;
				IPHONEOS_DEPLOYMENT_TARGET = 17.2;
				LOCALIZATION_PREFERS_STRING_CATALOGS = YES;
				MTL_ENABLE_DEBUG_INFO = NO;
				MTL_FAST_MATH = YES;
				SDKROOT = iphoneos;
				SWIFT_COMPILATION_MODE = wholemodule;
				VALIDATE_PRODUCT = YES;
			};
			name = Release;
		};
		9D3FF07F2BA5FA63002D1146 /* Debug */ = {
			isa = XCBuildConfiguration;
			buildSettings = {
				ASSETCATALOG_COMPILER_APPICON_NAME = AppIcon;
				ASSETCATALOG_COMPILER_GLOBAL_ACCENT_COLOR_NAME = AccentColor;
				CODE_SIGN_STYLE = Automatic;
				CURRENT_PROJECT_VERSION = 1;
				DEVELOPMENT_ASSET_PATHS = "\"SkyesWardrobe/Preview Content\"";
				ENABLE_PREVIEWS = YES;
				GENERATE_INFOPLIST_FILE = YES;
				INFOPLIST_FILE = SkyesWardrobe/Info.plist;
				INFOPLIST_KEY_UIApplicationSceneManifest_Generation = YES;
				INFOPLIST_KEY_UIApplicationSupportsIndirectInputEvents = YES;
				INFOPLIST_KEY_UILaunchScreen_Generation = YES;
				INFOPLIST_KEY_UILaunchStoryboardName = "Launch Screen.storyboard";
				INFOPLIST_KEY_UISupportedInterfaceOrientations = UIInterfaceOrientationPortrait;
				IPHONEOS_DEPLOYMENT_TARGET = 14.0;
				LD_RUNPATH_SEARCH_PATHS = (
					"$(inherited)",
					"@executable_path/Frameworks",
				);
				MARKETING_VERSION = 1.0;
				PRODUCT_BUNDLE_IDENTIFIER = Skyes.SkyesWardrobe;
				PRODUCT_NAME = "$(TARGET_NAME)";
				SWIFT_EMIT_LOC_STRINGS = YES;
				SWIFT_VERSION = 5.0;
				TARGETED_DEVICE_FAMILY = "1,2";
			};
			name = Debug;
		};
		9D3FF0802BA5FA63002D1146 /* Release */ = {
			isa = XCBuildConfiguration;
			buildSettings = {
				ASSETCATALOG_COMPILER_APPICON_NAME = AppIcon;
				ASSETCATALOG_COMPILER_GLOBAL_ACCENT_COLOR_NAME = AccentColor;
				CODE_SIGN_STYLE = Automatic;
				CURRENT_PROJECT_VERSION = 1;
				DEVELOPMENT_ASSET_PATHS = "\"SkyesWardrobe/Preview Content\"";
				ENABLE_PREVIEWS = YES;
				GENERATE_INFOPLIST_FILE = YES;
				INFOPLIST_FILE = SkyesWardrobe/Info.plist;
				INFOPLIST_KEY_UIApplicationSceneManifest_Generation = YES;
				INFOPLIST_KEY_UIApplicationSupportsIndirectInputEvents = YES;
				INFOPLIST_KEY_UILaunchScreen_Generation = YES;
				INFOPLIST_KEY_UILaunchStoryboardName = "Launch Screen.storyboard";
				INFOPLIST_KEY_UISupportedInterfaceOrientations = UIInterfaceOrientationPortrait;
				IPHONEOS_DEPLOYMENT_TARGET = 14.0;
				LD_RUNPATH_SEARCH_PATHS = (
					"$(inherited)",
					"@executable_path/Frameworks",
				);
				MARKETING_VERSION = 1.0;
				PRODUCT_BUNDLE_IDENTIFIER = Skyes.SkyesWardrobe;
				PRODUCT_NAME = "$(TARGET_NAME)";
				SWIFT_EMIT_LOC_STRINGS = YES;
				SWIFT_VERSION = 5.0;
				TARGETED_DEVICE_FAMILY = "1,2";
			};
			name = Release;
		};
		9D3FF0822BA5FA63002D1146 /* Debug */ = {
			isa = XCBuildConfiguration;
			buildSettings = {
				ALWAYS_EMBED_SWIFT_STANDARD_LIBRARIES = YES;
				BUNDLE_LOADER = "$(TEST_HOST)";
				CODE_SIGN_STYLE = Automatic;
				CURRENT_PROJECT_VERSION = 1;
				GENERATE_INFOPLIST_FILE = YES;
				IPHONEOS_DEPLOYMENT_TARGET = 17.2;
				MARKETING_VERSION = 1.0;
				PRODUCT_BUNDLE_IDENTIFIER = Skyes.SkyesWardrobeTests;
				PRODUCT_NAME = "$(TARGET_NAME)";
				SWIFT_EMIT_LOC_STRINGS = NO;
				SWIFT_VERSION = 5.0;
				TARGETED_DEVICE_FAMILY = "1,2";
				TEST_HOST = "$(BUILT_PRODUCTS_DIR)/SkyesWardrobe.app/$(BUNDLE_EXECUTABLE_FOLDER_PATH)/SkyesWardrobe";
			};
			name = Debug;
		};
		9D3FF0832BA5FA63002D1146 /* Release */ = {
			isa = XCBuildConfiguration;
			buildSettings = {
				ALWAYS_EMBED_SWIFT_STANDARD_LIBRARIES = YES;
				BUNDLE_LOADER = "$(TEST_HOST)";
				CODE_SIGN_STYLE = Automatic;
				CURRENT_PROJECT_VERSION = 1;
				GENERATE_INFOPLIST_FILE = YES;
				IPHONEOS_DEPLOYMENT_TARGET = 17.2;
				MARKETING_VERSION = 1.0;
				PRODUCT_BUNDLE_IDENTIFIER = Skyes.SkyesWardrobeTests;
				PRODUCT_NAME = "$(TARGET_NAME)";
				SWIFT_EMIT_LOC_STRINGS = NO;
				SWIFT_VERSION = 5.0;
				TARGETED_DEVICE_FAMILY = "1,2";
				TEST_HOST = "$(BUILT_PRODUCTS_DIR)/SkyesWardrobe.app/$(BUNDLE_EXECUTABLE_FOLDER_PATH)/SkyesWardrobe";
			};
			name = Release;
		};
		9D3FF0852BA5FA63002D1146 /* Debug */ = {
			isa = XCBuildConfiguration;
			buildSettings = {
				ALWAYS_EMBED_SWIFT_STANDARD_LIBRARIES = YES;
				CODE_SIGN_STYLE = Automatic;
				CURRENT_PROJECT_VERSION = 1;
				GENERATE_INFOPLIST_FILE = YES;
				MARKETING_VERSION = 1.0;
				PRODUCT_BUNDLE_IDENTIFIER = Skyes.SkyesWardrobeUITests;
				PRODUCT_NAME = "$(TARGET_NAME)";
				SWIFT_EMIT_LOC_STRINGS = NO;
				SWIFT_VERSION = 5.0;
				TARGETED_DEVICE_FAMILY = "1,2";
				TEST_TARGET_NAME = SkyesWardrobe;
			};
			name = Debug;
		};
		9D3FF0862BA5FA63002D1146 /* Release */ = {
			isa = XCBuildConfiguration;
			buildSettings = {
				ALWAYS_EMBED_SWIFT_STANDARD_LIBRARIES = YES;
				CODE_SIGN_STYLE = Automatic;
				CURRENT_PROJECT_VERSION = 1;
				GENERATE_INFOPLIST_FILE = YES;
				MARKETING_VERSION = 1.0;
				PRODUCT_BUNDLE_IDENTIFIER = Skyes.SkyesWardrobeUITests;
				PRODUCT_NAME = "$(TARGET_NAME)";
				SWIFT_EMIT_LOC_STRINGS = NO;
				SWIFT_VERSION = 5.0;
				TARGETED_DEVICE_FAMILY = "1,2";
				TEST_TARGET_NAME = SkyesWardrobe;
			};
			name = Release;
		};
/* End XCBuildConfiguration section */

/* Begin XCConfigurationList section */
		9D3FF0552BA5FA61002D1146 /* Build configuration list for PBXProject "SkyesWardrobe" */ = {
			isa = XCConfigurationList;
			buildConfigurations = (
				9D3FF07C2BA5FA63002D1146 /* Debug */,
				9D3FF07D2BA5FA63002D1146 /* Release */,
			);
			defaultConfigurationIsVisible = 0;
			defaultConfigurationName = Release;
		};
		9D3FF07E2BA5FA63002D1146 /* Build configuration list for PBXNativeTarget "SkyesWardrobe" */ = {
			isa = XCConfigurationList;
			buildConfigurations = (
				9D3FF07F2BA5FA63002D1146 /* Debug */,
				9D3FF0802BA5FA63002D1146 /* Release */,
			);
			defaultConfigurationIsVisible = 0;
			defaultConfigurationName = Release;
		};
		9D3FF0812BA5FA63002D1146 /* Build configuration list for PBXNativeTarget "SkyesWardrobeTests" */ = {
			isa = XCConfigurationList;
			buildConfigurations = (
				9D3FF0822BA5FA63002D1146 /* Debug */,
				9D3FF0832BA5FA63002D1146 /* Release */,
			);
			defaultConfigurationIsVisible = 0;
			defaultConfigurationName = Release;
		};
		9D3FF0842BA5FA63002D1146 /* Build configuration list for PBXNativeTarget "SkyesWardrobeUITests" */ = {
			isa = XCConfigurationList;
			buildConfigurations = (
				9D3FF0852BA5FA63002D1146 /* Debug */,
				9D3FF0862BA5FA63002D1146 /* Release */,
			);
			defaultConfigurationIsVisible = 0;
			defaultConfigurationName = Release;
		};
/* End XCConfigurationList section */

/* Begin XCRemoteSwiftPackageReference section */
		9D376F512BB36E09005F6310 /* XCRemoteSwiftPackageReference "CountryPicker" */ = {
			isa = XCRemoteSwiftPackageReference;
			repositoryURL = "https://github.com/mobven/CountryPicker.git";
			requirement = {
				kind = versionRange;
				maximumVersion = 1.0.8;
				minimumVersion = 1.0.0;
			};
		};
		9D376F542BB372FA005F6310 /* XCRemoteSwiftPackageReference "SDWebImageSwiftUI" */ = {
			isa = XCRemoteSwiftPackageReference;
			repositoryURL = "https://github.com/SDWebImage/SDWebImageSwiftUI.git";
			requirement = {
				kind = upToNextMajorVersion;
				minimumVersion = 3.0.1;
			};
		};
/* End XCRemoteSwiftPackageReference section */

/* Begin XCSwiftPackageProductDependency section */
		9D376F522BB36E09005F6310 /* CountryPicker */ = {
			isa = XCSwiftPackageProductDependency;
			package = 9D376F512BB36E09005F6310 /* XCRemoteSwiftPackageReference "CountryPicker" */;
			productName = CountryPicker;
		};
		9D376F552BB372FA005F6310 /* SDWebImageSwiftUI */ = {
			isa = XCSwiftPackageProductDependency;
			package = 9D376F542BB372FA005F6310 /* XCRemoteSwiftPackageReference "SDWebImageSwiftUI" */;
			productName = SDWebImageSwiftUI;
		};
/* End XCSwiftPackageProductDependency section */
	};
	rootObject = 9D3FF0522BA5FA61002D1146 /* Project object */;
}
